dependencies:
- name: falco
  repository: https://falcosecurity.github.io/charts
  version: 9.1.0
- name: nats
  repository: https://nats-io.github.io/k8s/helm/charts/
  version: 2.12.6
- name: redis
  repository: oci://registry-1.docker.io/bitnamicharts
  version: 25.3.11
digest: sha256:a10666287b3d6c8bac51c418cc6c80f6d5e9be378230fd46474cd96c22986494
generated: "2026-09-11T01:24:28.394990333-05:00"
